
Microsoft Visual Studio Solution File, Format Version 12.00
# Visual Studio Version 17
VisualStudioVersion = 17.5.002.0
MinimumVisualStudioVersion = 10.0.40219.1
Project("{9A19103F-16F7-4668-BE54-9A1E7A4F7556}") = "TareasAPI", "TareasAPI\TareasAPI.csproj", "{EA88B0AC-1F96-4D50-93E5-72E4518BBBDF}"
EndProject
Global
	GlobalSection(SolutionConfigurationPlatforms) = preSolution
		Debug|Any CPU = Debug|Any CPU
		Release|Any CPU = Release|Any CPU
	EndGlobalSection
	GlobalSection(ProjectConfigurationPlatforms) = postSolution
		{EA88B0AC-1F96-4D50-93E5-72E4518BBBDF}.Debug|Any CPU.ActiveCfg = Debug|Any CPU
		{EA88B0AC-1F96-4D50-93E5-72E4518BBBDF}.Debug|Any CPU.Build.0 = Debug|Any CPU
		{EA88B0AC-1F96-4D50-93E5-72E4518BBBDF}.Release|Any CPU.ActiveCfg = Release|Any CPU
		{EA88B0AC-1F96-4D50-93E5-72E4518BBBDF}.Release|Any CPU.Build.0 = Release|Any CPU
	EndGlobalSection
	GlobalSection(SolutionProperties) = preSolution
		HideSolutionNode = FALSE
	EndGlobalSection
	GlobalSection(ExtensibilityGlobals) = postSolution
		SolutionGuid = {C1ECB5E4-8EA5-4396-80F6-0366A8897E50}
	EndGlobalSection
EndGlobal
